
Microsoft Visual Studio Solution File, Format Version 12.00
# Visual Studio 15
VisualStudioVersion = 15.0.27130.2024
MinimumVisualStudioVersion = 10.0.40219.1
Project("{9A19103F-16F7-4668-BE54-9A1E7A4F7556}") = "App", "App\App.csproj", "{342FEA7C-D6DA-4143-A828-5A4BFF8B97F7}"
EndProject
Project("{9A19103F-16F7-4668-BE54-9A1E7A4F7556}") = "Data", "Data\Data.csproj", "{C3756EAA-93D9-42C4-8203-45B7EC382360}"
EndProject
Project("{9A19103F-16F7-4668-BE54-9A1E7A4F7556}") = "Models", "Models\Models.csproj", "{7C3FD1E3-311D-428F-88B3-F45E551C59E0}"
EndProject
Global
	GlobalSection(SolutionConfigurationPlatforms) = preSolution
		Debug|Any CPU = Debug|Any CPU
		Release|Any CPU = Release|Any CPU
	EndGlobalSection
	GlobalSection(ProjectConfigurationPlatforms) = postSolution
		{342FEA7C-D6DA-4143-A828-5A4BFF8B97F7}.Debug|Any CPU.ActiveCfg = Debug|Any CPU
		{342FEA7C-D6DA-4143-A828-5A4BFF8B97F7}.Debug|Any CPU.Build.0 = Debug|Any CPU
		{342FEA7C-D6DA-4143-A828-5A4BFF8B97F7}.Release|Any CPU.ActiveCfg = Release|Any CPU
		{342FEA7C-D6DA-4143-A828-5A4BFF8B97F7}.Release|Any CPU.Build.0 = Release|Any CPU
		{C3756EAA-93D9-42C4-8203-45B7EC382360}.Debug|Any CPU.ActiveCfg = Debug|Any CPU
		{C3756EAA-93D9-42C4-8203-45B7EC382360}.Debug|Any CPU.Build.0 = Debug|Any CPU
		{C3756EAA-93D9-42C4-8203-45B7EC382360}.Release|Any CPU.ActiveCfg = Release|Any CPU
		{C3756EAA-93D9-42C4-8203-45B7EC382360}.Release|Any CPU.Build.0 = Release|Any CPU
		{7C3FD1E3-311D-428F-88B3-F45E551C59E0}.Debug|Any CPU.ActiveCfg = Debug|Any CPU
		{7C3FD1E3-311D-428F-88B3-F45E551C59E0}.Debug|Any CPU.Build.0 = Debug|Any CPU
		{7C3FD1E3-311D-428F-88B3-F45E551C59E0}.Release|Any CPU.ActiveCfg = Release|Any CPU
		{7C3FD1E3-311D-428F-88B3-F45E551C59E0}.Release|Any CPU.Build.0 = Release|Any CPU
	EndGlobalSection
	GlobalSection(SolutionProperties) = preSolution
		HideSolutionNode = FALSE
	EndGlobalSection
	GlobalSection(ExtensibilityGlobals) = postSolution
		SolutionGuid = {A95787A8-C5CC-442B-931A-4D1B1518DF7A}
	EndGlobalSection
EndGlobal
