
Microsoft Visual Studio Solution File, Format Version 12.00
# Visual Studio 15
VisualStudioVersion = 15.0.27130.2024
MinimumVisualStudioVersion = 10.0.40219.1
Project("{9A19103F-16F7-4668-BE54-9A1E7A4F7556}") = "02. Villain Names", "02. Database First\02. Villain Names.csproj", "{76BA85DE-0B86-44D2-B9BA-87AB204CA75D}"
EndProject
Project("{9A19103F-16F7-4668-BE54-9A1E7A4F7556}") = "01.InitialSetup", "01.InitialSetup\01.InitialSetup.csproj", "{FA1B9E3A-8052-4536-AE0B-6C9457214273}"
EndProject
Project("{9A19103F-16F7-4668-BE54-9A1E7A4F7556}") = "03. Minion Names", "3. Minion Names\03. Minion Names.csproj", "{CEA7E247-3E4C-4571-ABE3-0CC165F28CE2}"
EndProject
Project("{9A19103F-16F7-4668-BE54-9A1E7A4F7556}") = "04. Add Minion", "04. Add Minion\04. Add Minion.csproj", "{AEDF4F25-FDA3-4DF0-8C43-B5C98C2E7FF0}"
EndProject
Project("{9A19103F-16F7-4668-BE54-9A1E7A4F7556}") = "05. Change Town Names Casing", "05. Change Town Names Casing\05. Change Town Names Casing.csproj", "{A1AF14F3-BC79-40DD-A05A-C8ECCF1A61EB}"
EndProject
Project("{9A19103F-16F7-4668-BE54-9A1E7A4F7556}") = "06.Remove Villain", "06.Remove Villain\06.Remove Villain.csproj", "{BEE88F8E-1957-49B2-950D-F7664A960D43}"
EndProject
Project("{FAE04EC0-301F-11D3-BF4B-00C04F79EFBC}") = "07. Print All Minion Names", "07. Print All Minion Names\07. Print All Minion Names.csproj", "{6A442555-40B8-4855-82A1-990D076B0438}"
EndProject
Project("{FAE04EC0-301F-11D3-BF4B-00C04F79EFBC}") = "08. Increase Minion Age", "08. Increase Minion Age\08. Increase Minion Age.csproj", "{91E2B944-6B66-4423-B23A-BDD777EB7C8D}"
EndProject
Project("{FAE04EC0-301F-11D3-BF4B-00C04F79EFBC}") = "09. Increase Age Stored Proc", "09. Increase Age Stored Proc\09. Increase Age Stored Proc.csproj", "{D24B2C9E-8388-4D1C-BBD4-6F95374D9710}"
EndProject
Global
	GlobalSection(SolutionConfigurationPlatforms) = preSolution
		Debug|Any CPU = Debug|Any CPU
		Release|Any CPU = Release|Any CPU
	EndGlobalSection
	GlobalSection(ProjectConfigurationPlatforms) = postSolution
		{76BA85DE-0B86-44D2-B9BA-87AB204CA75D}.Debug|Any CPU.ActiveCfg = Debug|Any CPU
		{76BA85DE-0B86-44D2-B9BA-87AB204CA75D}.Debug|Any CPU.Build.0 = Debug|Any CPU
		{76BA85DE-0B86-44D2-B9BA-87AB204CA75D}.Release|Any CPU.ActiveCfg = Release|Any CPU
		{76BA85DE-0B86-44D2-B9BA-87AB204CA75D}.Release|Any CPU.Build.0 = Release|Any CPU
		{FA1B9E3A-8052-4536-AE0B-6C9457214273}.Debug|Any CPU.ActiveCfg = Debug|Any CPU
		{FA1B9E3A-8052-4536-AE0B-6C9457214273}.Debug|Any CPU.Build.0 = Debug|Any CPU
		{FA1B9E3A-8052-4536-AE0B-6C9457214273}.Release|Any CPU.ActiveCfg = Release|Any CPU
		{FA1B9E3A-8052-4536-AE0B-6C9457214273}.Release|Any CPU.Build.0 = Release|Any CPU
		{CEA7E247-3E4C-4571-ABE3-0CC165F28CE2}.Debug|Any CPU.ActiveCfg = Debug|Any CPU
		{CEA7E247-3E4C-4571-ABE3-0CC165F28CE2}.Debug|Any CPU.Build.0 = Debug|Any CPU
		{CEA7E247-3E4C-4571-ABE3-0CC165F28CE2}.Release|Any CPU.ActiveCfg = Release|Any CPU
		{CEA7E247-3E4C-4571-ABE3-0CC165F28CE2}.Release|Any CPU.Build.0 = Release|Any CPU
		{AEDF4F25-FDA3-4DF0-8C43-B5C98C2E7FF0}.Debug|Any CPU.ActiveCfg = Debug|Any CPU
		{AEDF4F25-FDA3-4DF0-8C43-B5C98C2E7FF0}.Debug|Any CPU.Build.0 = Debug|Any CPU
		{AEDF4F25-FDA3-4DF0-8C43-B5C98C2E7FF0}.Release|Any CPU.ActiveCfg = Release|Any CPU
		{AEDF4F25-FDA3-4DF0-8C43-B5C98C2E7FF0}.Release|Any CPU.Build.0 = Release|Any CPU
		{A1AF14F3-BC79-40DD-A05A-C8ECCF1A61EB}.Debug|Any CPU.ActiveCfg = Debug|Any CPU
		{A1AF14F3-BC79-40DD-A05A-C8ECCF1A61EB}.Debug|Any CPU.Build.0 = Debug|Any CPU
		{A1AF14F3-BC79-40DD-A05A-C8ECCF1A61EB}.Release|Any CPU.ActiveCfg = Release|Any CPU
		{A1AF14F3-BC79-40DD-A05A-C8ECCF1A61EB}.Release|Any CPU.Build.0 = Release|Any CPU
		{BEE88F8E-1957-49B2-950D-F7664A960D43}.Debug|Any CPU.ActiveCfg = Debug|Any CPU
		{BEE88F8E-1957-49B2-950D-F7664A960D43}.Debug|Any CPU.Build.0 = Debug|Any CPU
		{BEE88F8E-1957-49B2-950D-F7664A960D43}.Release|Any CPU.ActiveCfg = Release|Any CPU
		{BEE88F8E-1957-49B2-950D-F7664A960D43}.Release|Any CPU.Build.0 = Release|Any CPU
		{6A442555-40B8-4855-82A1-990D076B0438}.Debug|Any CPU.ActiveCfg = Debug|Any CPU
		{6A442555-40B8-4855-82A1-990D076B0438}.Debug|Any CPU.Build.0 = Debug|Any CPU
		{6A442555-40B8-4855-82A1-990D076B0438}.Release|Any CPU.ActiveCfg = Release|Any CPU
		{6A442555-40B8-4855-82A1-990D076B0438}.Release|Any CPU.Build.0 = Release|Any CPU
		{91E2B944-6B66-4423-B23A-BDD777EB7C8D}.Debug|Any CPU.ActiveCfg = Debug|Any CPU
		{91E2B944-6B66-4423-B23A-BDD777EB7C8D}.Debug|Any CPU.Build.0 = Debug|Any CPU
		{91E2B944-6B66-4423-B23A-BDD777EB7C8D}.Release|Any CPU.ActiveCfg = Release|Any CPU
		{91E2B944-6B66-4423-B23A-BDD777EB7C8D}.Release|Any CPU.Build.0 = Release|Any CPU
		{D24B2C9E-8388-4D1C-BBD4-6F95374D9710}.Debug|Any CPU.ActiveCfg = Debug|Any CPU
		{D24B2C9E-8388-4D1C-BBD4-6F95374D9710}.Debug|Any CPU.Build.0 = Debug|Any CPU
		{D24B2C9E-8388-4D1C-BBD4-6F95374D9710}.Release|Any CPU.ActiveCfg = Release|Any CPU
		{D24B2C9E-8388-4D1C-BBD4-6F95374D9710}.Release|Any CPU.Build.0 = Release|Any CPU
	EndGlobalSection
	GlobalSection(SolutionProperties) = preSolution
		HideSolutionNode = FALSE
	EndGlobalSection
	GlobalSection(ExtensibilityGlobals) = postSolution
		SolutionGuid = {FA168F99-91B2-4815-A895-B8F2BBB5AD96}
	EndGlobalSection
EndGlobal
